Lr! D�CDD�R3�91!4�!!H,@�D@�-���yhrG�����b���y�-��e�ߩjw��KޮȨ�^;��(�����i���z����j��(��v*����r߬�X����{���朷�)�+~����^;��w�ww��}�}�6Ӟ��m����ۯ{پdiثk�-�����>i�h�朶*'�]6��슉��Z޲�oy�m��?�����k�&��� r����b��춊�n�$��]��rب�����h�&�O�u�'��-����]u��ӝ��|���y�5߽tw�4�xu�z��}��z��u�܉�y�~z���]5��'��k�x"/�i���Z�i�~�{)y�h�]t��b��춊�n�$��]���y,�M/z�"�}tַ��[�vm�����"���ɪ�H�o�iثk�-�����>i�h��b�K?��-�����>i�h��b�K>�Mm�>z�]�k�6Ѿ�͟׎�~��v�sΝ{޽w�v*���h�&�O�u�'�^t��슉��J޲�oy�m��?�����k�&��� r����b��춊�n�$��]�{?��-�����>i�h�ϵ�K`��vqݴ�ݼٯ[�u�8m���n��^�F��F������+ɺ(��!jyޗ�h�٬�m5��슉��Z޲�oy�m��?�����k�&��� r����b��춊�n�$��Z�w���,�k ��춊�n�$��Z�w���,�k �m5��k�:��������Zݮ��f�{]��mZ��z��u�܉�$iثk�-�����>r���u�H������'��Ɵ{�5��b��춊�n�$��Z�w��]/z�"�}uҷ��[�vm�����"���ɪ�H�o�iثk�-�����>r�����-�����>r���~�]-�?4��\u����u����;ծ�wn�m�5y���v*���h�&�O��}t����*'�]t��(�����i���z����j��(��v*���h�&�O������+ɺ(���}u��3k�u�8�֚��<�\�ǻu�=���{��k^u�^�קr'���b���y�-��e�ߩjw��F�m�~���g��G^z�����M^����]u~���ǚ��u�x������'��Ɵ{�5�육׶�Yhu�!�'$�me�֬��+����I������+{^���]k]��ζҷ�rߟ�<��}�y�-�)��-��uҷ�rߤ�jh����J�i�~��Z�]���n�~v��b��춊�n�$�~w��슉�ߝ�z�%��a��l��ނ+-�,��zd��&�F������+ɺ(�����+ɺ(����{`��t�_y{^�߭�m�����i֚�sov�u�שzw^�Ȟ�F�����朷�)�+~���׍$iثk�-�����>i�h�朶*'�]6��b��춊�n�$��]���y,�M$iثk�-�����>i�h��y�F������+ɺ(��!jyޗ�h�٬�m5��b��춊�n�$���MZ���o����b��tի����~,^���m�ޗ�(��׆�m�~���z��ᶛz_���"���i�~v� z}xٶ�z_������i�~j�u�F�m�~���g��g��z{"�+�����ϰy�ZrO���"�]vr��]wr��jw^�otr����j5�W(�����+{m4r�>���z�6�W������w���{�hi׫���w~q�!{�b�Mu��'�Zu���������'��Ɵ{�5��'�Nt��Z�brN6Қ,��,�Zu���J��]+y�-�jj]vҷ���ڷ���-۾4���{�ھ'(�m����;4�-�W����z�5�[���hi׫Ӟ�'v�|n���]w����$�ׯ�h�vW�j���Ln����h��u�^����]�%#�J��jm5�KޮȨ�Mtҷ��[�vm�����"���ɪ�H�o�H�R������%#�J��jo��M-�>�ߏ]��=�m��W����w���v�ƺ]�sG^���zw"z��zZ�Ǵӛa���